
Microsoft Visual Studio Solution File, Format Version 12.00
# Visual Studio Version 17
VisualStudioVersion = 17.8.34330.188
MinimumVisualStudioVersion = 10.0.40219.1
Project("{FAE04EC0-301F-11D3-BF4B-00C04F79EFBC}") = "Messenger.API", "Messenger.API\Messenger.API.csproj", "{180A9CD8-2EC9-452A-992C-2E5F7610881D}"
EndProject
Global
	GlobalSection(SolutionConfigurationPlatforms) = preSolution
		Debug|Any CPU = Debug|Any CPU
		Release|Any CPU = Release|Any CPU
	EndGlobalSection
	GlobalSection(ProjectConfigurationPlatforms) = postSolution
		{180A9CD8-2EC9-452A-992C-2E5F7610881D}.Debug|Any CPU.ActiveCfg = Debug|Any CPU
		{180A9CD8-2EC9-452A-992C-2E5F7610881D}.Debug|Any CPU.Build.0 = Debug|Any CPU
		{180A9CD8-2EC9-452A-992C-2E5F7610881D}.Release|Any CPU.ActiveCfg = Release|Any CPU
		{180A9CD8-2EC9-452A-992C-2E5F7610881D}.Release|Any CPU.Build.0 = Release|Any CPU
	EndGlobalSection
	GlobalSection(SolutionProperties) = preSolution
		HideSolutionNode = FALSE
	EndGlobalSection
	GlobalSection(ExtensibilityGlobals) = postSolution
		SolutionGuid = {AB441162-4D77-4D8B-8D60-B82C45B3CCED}
	EndGlobalSection
EndGlobal
